// !$*UTF8*$!
{
	archiveVersion = 1;
	classes = {
	};
	objectVersion = 46;
	objects = {

/* Begin PBXBuildFile section */
		5A066C1F1E4A28DB000166C5 /* CustomAnnotationView.swift in Sources */ = {isa = PBXBuildFile; fileRef = 5A066C1E1E4A28DB000166C5 /* CustomAnnotationView.swift */; };
		5A066C221E4A2993000166C5 /* ATMAnnotation.swift in Sources */ = {isa = PBXBuildFile; fileRef = 5A066C211E4A2993000166C5 /* ATMAnnotation.swift */; };
		FB9ECAD81E49E53F00FC4B84 /* AppDelegate.swift in Sources */ = {isa = PBXBuildFile; fileRef = FB9ECAD71E49E53F00FC4B84 /* AppDelegate.swift */; };
		FB9ECADD1E49E53F00FC4B84 /* Main.storyboard in Resources */ = {isa = PBXBuildFile; fileRef = FB9ECADB1E49E53F00FC4B84 /* Main.storyboard */; };
		FB9ECADF1E49E53F00FC4B84 /* Assets.xcassets in Resources */ = {isa = PBXBuildFile; fileRef = FB9ECADE1E49E53F00FC4B84 /* Assets.xcassets */; };
		FB9ECAE21E49E53F00FC4B84 /* LaunchScreen.storyboard in Resources */ = {isa = PBXBuildFile; fileRef = FB9ECAE01E49E53F00FC4B84 /* LaunchScreen.storyboard */; };
		FB9ECAEC1E49E77700FC4B84 /* MainController.swift in Sources */ = {isa = PBXBuildFile; fileRef = FB9ECAEB1E49E77700FC4B84 /* MainController.swift */; };
		FB9ECAEF1E49E81C00FC4B84 /* CoreDataService.swift in Sources */ = {isa = PBXBuildFile; fileRef = FB9ECAED1E49E81C00FC4B84 /* CoreDataService.swift */; };
		FB9ECAF01E49E81C00FC4B84 /* DataBaseManager.swift in Sources */ = {isa = PBXBuildFile; fileRef = FB9ECAEE1E49E81C00FC4B84 /* DataBaseManager.swift */; };
		FB9ECAF31E49E9CB00FC4B84 /* Utilities.swift in Sources */ = {isa = PBXBuildFile; fileRef = FB9ECAF21E49E9CB00FC4B84 /* Utilities.swift */; };
		FB9ECAF61E49EB9000FC4B84 /* ATMData.xcdatamodeld in Sources */ = {isa = PBXBuildFile; fileRef = FB9ECAF41E49EB9000FC4B84 /* ATMData.xcdatamodeld */; };
		FB9ECB041E49F09700FC4B84 /* ATMEntity+CoreDataClass.swift in Sources */ = {isa = PBXBuildFile; fileRef = FB9ECB021E49F09700FC4B84 /* ATMEntity+CoreDataClass.swift */; };
		FB9ECB051E49F09700FC4B84 /* ATMEntity+CoreDataProperties.swift in Sources */ = {isa = PBXBuildFile; fileRef = FB9ECB031E49F09700FC4B84 /* ATMEntity+CoreDataProperties.swift */; };
		FB9ECB081E49F0FE00FC4B84 /* ATMCell.swift in Sources */ = {isa = PBXBuildFile; fileRef = FB9ECB071E49F0FE00FC4B84 /* ATMCell.swift */; };
		FB9ECB0A1E49F2BC00FC4B84 /* ATMManager.swift in Sources */ = {isa = PBXBuildFile; fileRef = FB9ECB091E49F2BC00FC4B84 /* ATMManager.swift */; };
		FB9ECB0C1E49FD0C00FC4B84 /* RoundView.swift in Sources */ = {isa = PBXBuildFile; fileRef = FB9ECB0B1E49FD0C00FC4B84 /* RoundView.swift */; };
		FB9ECB0E1E49FF5400FC4B84 /* AddNewATMController.swift in Sources */ = {isa = PBXBuildFile; fileRef = FB9ECB0D1E49FF5400FC4B84 /* AddNewATMController.swift */; };
		FB9ECB101E4A002800FC4B84 /* CustomTextField.swift in Sources */ = {isa = PBXBuildFile; fileRef = FB9ECB0F1E4A002800FC4B84 /* CustomTextField.swift */; };
/* End PBXBuildFile section */

/* Begin PBXFileReference section */
		5A066C1E1E4A28DB000166C5 /* CustomAnnotationView.swift */ = {isa = PBXFileReference; fileEncoding = 4; lastKnownFileType = sourcecode.swift; path = CustomAnnotationView.swift; sourceTree = "<group>"; };
		5A066C211E4A2993000166C5 /* ATMAnnotation.swift */ = {isa = PBXFileReference; fileEncoding = 4; lastKnownFileType = sourcecode.swift; path = ATMAnnotation.swift; sourceTree = "<group>"; };
		FB9ECAD41E49E53F00FC4B84 /* ATMDiary.app */ = {isa = PBXFileReference; explicitFileType = wrapper.application; includeInIndex = 0; path = ATMDiary.app; sourceTree = BUILT_PRODUCTS_DIR; };
		FB9ECAD71E49E53F00FC4B84 /* AppDelegate.swift */ = {isa = PBXFileReference; lastKnownFileType = sourcecode.swift; path = AppDelegate.swift; sourceTree = "<group>"; };
		FB9ECADC1E49E53F00FC4B84 /* Base */ = {isa = PBXFileReference; lastKnownFileType = file.storyboard; name = Base; path = Base.lproj/Main.storyboard; sourceTree = "<group>"; };
		FB9ECADE1E49E53F00FC4B84 /* Assets.xcassets */ = {isa = PBXFileReference; lastKnownFileType = folder.assetcatalog; path = Assets.xcassets; sourceTree = "<group>"; };
		FB9ECAE11E49E53F00FC4B84 /* Base */ = {isa = PBXFileReference; lastKnownFileType = file.storyboard; name = Base; path = Base.lproj/LaunchScreen.storyboard; sourceTree = "<group>"; };
		FB9ECAE31E49E53F00FC4B84 /* Info.plist */ = {isa = PBXFileReference; lastKnownFileType = text.plist.xml; path = Info.plist; sourceTree = "<group>"; };
		FB9ECAEB1E49E77700FC4B84 /* MainController.swift */ = {isa = PBXFileReference; fileEncoding = 4; lastKnownFileType = sourcecode.swift; path = MainController.swift; sourceTree = "<group>"; };
		FB9ECAED1E49E81C00FC4B84 /* CoreDataService.swift */ = {isa = PBXFileReference; fileEncoding = 4; lastKnownFileType = sourcecode.swift; path = CoreDataService.swift; sourceTree = "<group>"; };
		FB9ECAEE1E49E81C00FC4B84 /* DataBaseManager.swift */ = {isa = PBXFileReference; fileEncoding = 4; lastKnownFileType = sourcecode.swift; path = DataBaseManager.swift; sourceTree = "<group>"; };
		FB9ECAF21E49E9CB00FC4B84 /* Utilities.swift */ = {isa = PBXFileReference; fileEncoding = 4; lastKnownFileType = sourcecode.swift; path = Utilities.swift; sourceTree = "<group>"; };
		FB9ECAF51E49EB9000FC4B84 /* ATMData.xcdatamodel */ = {isa = PBXFileReference; lastKnownFileType = wrapper.xcdatamodel; path = ATMData.xcdatamodel; sourceTree = "<group>"; };
		FB9ECB021E49F09700FC4B84 /* ATMEntity+CoreDataClass.swift */ = {isa = PBXFileReference; fileEncoding = 4; lastKnownFileType = sourcecode.swift; path = "ATMEntity+CoreDataClass.swift"; sourceTree = "<group>"; };
		FB9ECB031E49F09700FC4B84 /* ATMEntity+CoreDataProperties.swift */ = {isa = PBXFileReference; fileEncoding = 4; lastKnownFileType = sourcecode.swift; path = "ATMEntity+CoreDataProperties.swift"; sourceTree = "<group>"; };
		FB9ECB071E49F0FE00FC4B84 /* ATMCell.swift */ = {isa = PBXFileReference; fileEncoding = 4; lastKnownFileType = sourcecode.swift; path = ATMCell.swift; sourceTree = "<group>"; };
		FB9ECB091E49F2BC00FC4B84 /* ATMManager.swift */ = {isa = PBXFileReference; fileEncoding = 4; lastKnownFileType = sourcecode.swift; path = ATMManager.swift; sourceTree = "<group>"; };
		FB9ECB0B1E49FD0C00FC4B84 /* RoundView.swift */ = {isa = PBXFileReference; fileEncoding = 4; lastKnownFileType = sourcecode.swift; path = RoundView.swift; sourceTree = "<group>"; };
		FB9ECB0D1E49FF5400FC4B84 /* AddNewATMController.swift */ = {isa = PBXFileReference; fileEncoding = 4; lastKnownFileType = sourcecode.swift; path = AddNewATMController.swift; sourceTree = "<group>"; };
		FB9ECB0F1E4A002800FC4B84 /* CustomTextField.swift */ = {isa = PBXFileReference; fileEncoding = 4; lastKnownFileType = sourcecode.swift; path = CustomTextField.swift; sourceTree = "<group>"; };
/* End PBXFileReference section */

/* Begin PBXFrameworksBuildPhase section */
		FB9ECAD11E49E53F00FC4B84 /* Frameworks */ = {
			isa = PBXFrameworksBuildPhase;
			buildActionMask = 2147483647;
			files = (
			);
			runOnlyForDeploymentPostprocessing = 0;
		};
/* End PBXFrameworksBuildPhase section */

/* Begin PBXGroup section */
		5A066C201E4A297A000166C5 /* Models */ = {
			isa = PBXGroup;
			children = (
				5A066C211E4A2993000166C5 /* ATMAnnotation.swift */,
			);
			path = Models;
			sourceTree = "<group>";
		};
		FB9ECACB1E49E53F00FC4B84 = {
			isa = PBXGroup;
			children = (
				FB9ECAD61E49E53F00FC4B84 /* ATMDiary */,
				FB9ECAD51E49E53F00FC4B84 /* Products */,
			);
			sourceTree = "<group>";
		};
		FB9ECAD51E49E53F00FC4B84 /* Products */ = {
			isa = PBXGroup;
			children = (
				FB9ECAD41E49E53F00FC4B84 /* ATMDiary.app */,
			);
			name = Products;
			sourceTree = "<group>";
		};
		FB9ECAD61E49E53F00FC4B84 /* ATMDiary */ = {
			isa = PBXGroup;
			children = (
				5A066C201E4A297A000166C5 /* Models */,
				FB9ECB061E49F0D800FC4B84 /* Views */,
				FB9ECAF11E49E99700FC4B84 /* Utilities */,
				FB9ECAE91E49E64C00FC4B84 /* Controllers */,
				FB9ECAEA1E49E64C00FC4B84 /* Database */,
				FB9ECAD71E49E53F00FC4B84 /* AppDelegate.swift */,
				FB9ECADB1E49E53F00FC4B84 /* Main.storyboard */,
				FB9ECADE1E49E53F00FC4B84 /* Assets.xcassets */,
				FB9ECAE01E49E53F00FC4B84 /* LaunchScreen.storyboard */,
				FB9ECAE31E49E53F00FC4B84 /* Info.plist */,
			);
			path = ATMDiary;
			sourceTree = "<group>";
		};
		FB9ECAE91E49E64C00FC4B84 /* Controllers */ = {
			isa = PBXGroup;
			children = (
				FB9ECAEB1E49E77700FC4B84 /* MainController.swift */,
				FB9ECB0D1E49FF5400FC4B84 /* AddNewATMController.swift */,
			);
			path = Controllers;
			sourceTree = "<group>";
		};
		FB9ECAEA1E49E64C00FC4B84 /* Database */ = {
			isa = PBXGroup;
			children = (
				FB9ECAF71E49EBA800FC4B84 /* Entity */,
				FB9ECAED1E49E81C00FC4B84 /* CoreDataService.swift */,
				FB9ECAEE1E49E81C00FC4B84 /* DataBaseManager.swift */,
				FB9ECAF41E49EB9000FC4B84 /* ATMData.xcdatamodeld */,
				FB9ECB091E49F2BC00FC4B84 /* ATMManager.swift */,
			);
			path = Database;
			sourceTree = "<group>";
		};
		FB9ECAF11E49E99700FC4B84 /* Utilities */ = {
			isa = PBXGroup;
			children = (
				FB9ECAF21E49E9CB00FC4B84 /* Utilities.swift */,
			);
			path = Utilities;
			sourceTree = "<group>";
		};
		FB9ECAF71E49EBA800FC4B84 /* Entity */ = {
			isa = PBXGroup;
			children = (
				FB9ECB021E49F09700FC4B84 /* ATMEntity+CoreDataClass.swift */,
				FB9ECB031E49F09700FC4B84 /* ATMEntity+CoreDataProperties.swift */,
			);
			path = Entity;
			sourceTree = "<group>";
		};
		FB9ECB061E49F0D800FC4B84 /* Views */ = {
			isa = PBXGroup;
			children = (
				FB9ECB071E49F0FE00FC4B84 /* ATMCell.swift */,
				FB9ECB0B1E49FD0C00FC4B84 /* RoundView.swift */,
				FB9ECB0F1E4A002800FC4B84 /* CustomTextField.swift */,
				5A066C1E1E4A28DB000166C5 /* CustomAnnotationView.swift */,
			);
			path = Views;
			sourceTree = "<group>";
		};
/* End PBXGroup section */

/* Begin PBXNativeTarget section */
		FB9ECAD31E49E53F00FC4B84 /* ATMDiary */ = {
			isa = PBXNativeTarget;
			buildConfigurationList = FB9ECAE61E49E53F00FC4B84 /* Build configuration list for PBXNativeTarget "ATMDiary" */;
			buildPhases = (
				FB9ECAD01E49E53F00FC4B84 /* Sources */,
				FB9ECAD11E49E53F00FC4B84 /* Frameworks */,
				FB9ECAD21E49E53F00FC4B84 /* Resources */,
			);
			buildRules = (
			);
			dependencies = (
			);
			name = ATMDiary;
			productName = ATMDiary;
			productReference = FB9ECAD41E49E53F00FC4B84 /* ATMDiary.app */;
			productType = "com.apple.product-type.application";
		};
/* End PBXNativeTarget section */

/* Begin PBXProject section */
		FB9ECACC1E49E53F00FC4B84 /* Project object */ = {
			isa = PBXProject;
			attributes = {
				LastSwiftUpdateCheck = 0820;
				LastUpgradeCheck = 0820;
				ORGANIZATIONNAME = thanhnv;
				TargetAttributes = {
					FB9ECAD31E49E53F00FC4B84 = {
						CreatedOnToolsVersion = 8.2;
						DevelopmentTeam = 6L2DF94YFB;
						ProvisioningStyle = Automatic;
					};
				};
			};
			buildConfigurationList = FB9ECACF1E49E53F00FC4B84 /* Build configuration list for PBXProject "ATMDiary" */;
			compatibilityVersion = "Xcode 3.2";
			developmentRegion = English;
			hasScannedForEncodings = 0;
			knownRegions = (
				en,
				Base,
			);
			mainGroup = FB9ECACB1E49E53F00FC4B84;
			productRefGroup = FB9ECAD51E49E53F00FC4B84 /* Products */;
			projectDirPath = "";
			projectRoot = "";
			targets = (
				FB9ECAD31E49E53F00FC4B84 /* ATMDiary */,
			);
		};
/* End PBXProject section */

/* Begin PBXResourcesBuildPhase section */
		FB9ECAD21E49E53F00FC4B84 /* Resources */ = {
			isa = PBXResourcesBuildPhase;
			buildActionMask = 2147483647;
			files = (
				FB9ECAE21E49E53F00FC4B84 /* LaunchScreen.storyboard in Resources */,
				FB9ECADF1E49E53F00FC4B84 /* Assets.xcassets in Resources */,
				FB9ECADD1E49E53F00FC4B84 /* Main.storyboard in Resources */,
			);
			runOnlyForDeploymentPostprocessing = 0;
		};
/* End PBXResourcesBuildPhase section */

/* Begin PBXSourcesBuildPhase section */
		FB9ECAD01E49E53F00FC4B84 /* Sources */ = {
			isa = PBXSourcesBuildPhase;
			buildActionMask = 2147483647;
			files = (
				FB9ECB101E4A002800FC4B84 /* CustomTextField.swift in Sources */,
				FB9ECAF01E49E81C00FC4B84 /* DataBaseManager.swift in Sources */,
				FB9ECB0E1E49FF5400FC4B84 /* AddNewATMController.swift in Sources */,
				FB9ECB0C1E49FD0C00FC4B84 /* RoundView.swift in Sources */,
				FB9ECAEC1E49E77700FC4B84 /* MainController.swift in Sources */,
				FB9ECAEF1E49E81C00FC4B84 /* CoreDataService.swift in Sources */,
				FB9ECB051E49F09700FC4B84 /* ATMEntity+CoreDataProperties.swift in Sources */,
				FB9ECB041E49F09700FC4B84 /* ATMEntity+CoreDataClass.swift in Sources */,
				FB9ECAF31E49E9CB00FC4B84 /* Utilities.swift in Sources */,
				5A066C221E4A2993000166C5 /* ATMAnnotation.swift in Sources */,
				FB9ECAF61E49EB9000FC4B84 /* ATMData.xcdatamodeld in Sources */,
				FB9ECB081E49F0FE00FC4B84 /* ATMCell.swift in Sources */,
				FB9ECB0A1E49F2BC00FC4B84 /* ATMManager.swift in Sources */,
				5A066C1F1E4A28DB000166C5 /* CustomAnnotationView.swift in Sources */,
				FB9ECAD81E49E53F00FC4B84 /* AppDelegate.swift in Sources */,
			);
			runOnlyForDeploymentPostprocessing = 0;
		};
/* End PBXSourcesBuildPhase section */

/* Begin PBXVariantGroup section */
		FB9ECADB1E49E53F00FC4B84 /* Main.storyboard */ = {
			isa = PBXVariantGroup;
			children = (
				FB9ECADC1E49E53F00FC4B84 /* Base */,
			);
			name = Main.storyboard;
			sourceTree = "<group>";
		};
		FB9ECAE01E49E53F00FC4B84 /* LaunchScreen.storyboard */ = {
			isa = PBXVariantGroup;
			children = (
				FB9ECAE11E49E53F00FC4B84 /* Base */,
			);
			name = LaunchScreen.storyboard;
			sourceTree = "<group>";
		};
/* End PBXVariantGroup section */

/* Begin XCBuildConfiguration section */
		FB9ECAE41E49E53F00FC4B84 /* Debug */ = {
			isa = XCBuildConfiguration;
			buildSettings = {
				ALWAYS_SEARCH_USER_PATHS = NO;
				CLANG_ANALYZER_NONNULL = YES;
				CLANG_CXX_LANGUAGE_STANDARD = "gnu++0x";
				CLANG_CXX_LIBRARY = "libc++";
				CLANG_ENABLE_MODULES = YES;
				CLANG_ENABLE_OBJC_ARC = YES;
				CLANG_WARN_BOOL_CONVERSION = YES;
				CLANG_WARN_CONSTANT_CONVERSION = YES;
				CLANG_WARN_DIRECT_OBJC_ISA_USAGE = YES_ERROR;
				CLANG_WARN_DOCUMENTATION_COMMENTS = YES;
				CLANG_WARN_EMPTY_BODY = YES;
				CLANG_WARN_ENUM_CONVERSION = YES;
				CLANG_WARN_INFINITE_RECURSION = YES;
				CLANG_WARN_INT_CONVERSION = YES;
				CLANG_WARN_OBJC_ROOT_CLASS = YES_ERROR;
				CLANG_WARN_SUSPICIOUS_MOVE = YES;
				CLANG_WARN_UNREACHABLE_CODE = YES;
				CLANG_WARN__DUPLICATE_METHOD_MATCH = YES;
				"CODE_SIGN_IDENTITY[sdk=iphoneos*]" = "iPhone Developer";
				COPY_PHASE_STRIP = NO;
				DEBUG_INFORMATION_FORMAT = dwarf;
				ENABLE_STRICT_OBJC_MSGSEND = YES;
				ENABLE_TESTABILITY = YES;
				GCC_C_LANGUAGE_STANDARD = gnu99;
				GCC_DYNAMIC_NO_PIC = NO;
				GCC_NO_COMMON_BLOCKS = YES;
				GCC_OPTIMIZATION_LEVEL = 0;
				GCC_PREPROCESSOR_DEFINITIONS = (
					"DEBUG=1",
					"$(inherited)",
				);
				GCC_WARN_64_TO_32_BIT_CONVERSION = YES;
				GCC_WARN_ABOUT_RETURN_TYPE = YES_ERROR;
				GCC_WARN_UNDECLARED_SELECTOR = YES;
				GCC_WARN_UNINITIALIZED_AUTOS = YES_AGGRESSIVE;
				GCC_WARN_UNUSED_FUNCTION = YES;
				GCC_WARN_UNUSED_VARIABLE = YES;
				IPHONEOS_DEPLOYMENT_TARGET = 10.2;
				MTL_ENABLE_DEBUG_INFO = YES;
				ONLY_ACTIVE_ARCH = YES;
				SDKROOT = iphoneos;
				SWIFT_ACTIVE_COMPILATION_CONDITIONS = DEBUG;
				SWIFT_OPTIMIZATION_LEVEL = "-Onone";
				TARGETED_DEVICE_FAMILY = "1,2";
			};
			name = Debug;
		};
		FB9ECAE51E49E53F00FC4B84 /* Release */ = {
			isa = XCBuildConfiguration;
			buildSettings = {
				ALWAYS_SEARCH_USER_PATHS = NO;
				CLANG_ANALYZER_NONNULL = YES;
				CLANG_CXX_LANGUAGE_STANDARD = "gnu++0x";
				CLANG_CXX_LIBRARY = "libc++";
				CLANG_ENABLE_MODULES = YES;
				CLANG_ENABLE_OBJC_ARC = YES;
				CLANG_WARN_BOOL_CONVERSION = YES;
				CLANG_WARN_CONSTANT_CONVERSION = YES;
				CLANG_WARN_DIRECT_OBJC_ISA_USAGE = YES_ERROR;
				CLANG_WARN_DOCUMENTATION_COMMENTS = YES;
				CLANG_WARN_EMPTY_BODY = YES;
				CLANG_WARN_ENUM_CONVERSION = YES;
				CLANG_WARN_INFINITE_RECURSION = YES;
				CLANG_WARN_INT_CONVERSION = YES;
				CLANG_WARN_OBJC_ROOT_CLASS = YES_ERROR;
				CLANG_WARN_SUSPICIOUS_MOVE = YES;
				CLANG_WARN_UNREACHABLE_CODE = YES;
				CLANG_WARN__DUPLICATE_METHOD_MATCH = YES;
				"CODE_SIGN_IDENTITY[sdk=iphoneos*]" = "iPhone Developer";
				COPY_PHASE_STRIP = NO;
				DEBUG_INFORMATION_FORMAT = "dwarf-with-dsym";
				ENABLE_NS_ASSERTIONS = NO;
				ENABLE_STRICT_OBJC_MSGSEND = YES;
				GCC_C_LANGUAGE_STANDARD = gnu99;
				GCC_NO_COMMON_BLOCKS = YES;
				GCC_WARN_64_TO_32_BIT_CONVERSION = YES;
				GCC_WARN_ABOUT_RETURN_TYPE = YES_ERROR;
				GCC_WARN_UNDECLARED_SELECTOR = YES;
				GCC_WARN_UNINITIALIZED_AUTOS = YES_AGGRESSIVE;
				GCC_WARN_UNUSED_FUNCTION = YES;
				GCC_WARN_UNUSED_VARIABLE = YES;
				IPHONEOS_DEPLOYMENT_TARGET = 10.2;
				MTL_ENABLE_DEBUG_INFO = NO;
				SDKROOT = iphoneos;
				SWIFT_OPTIMIZATION_LEVEL = "-Owholemodule";
				TARGETED_DEVICE_FAMILY = "1,2";
				VALIDATE_PRODUCT = YES;
			};
			name = Release;
		};
		FB9ECAE71E49E53F00FC4B84 /* Debug */ = {
			isa = XCBuildConfiguration;
			buildSettings = {
				ASSETCATALOG_COMPILER_APPICON_NAME = AppIcon;
				DEVELOPMENT_TEAM = 6L2DF94YFB;
				INFOPLIST_FILE = ATMDiary/Info.plist;
				LD_RUNPATH_SEARCH_PATHS = "$(inherited) @executable_path/Frameworks";
				PRODUCT_BUNDLE_IDENTIFIER = thanhnv.ATMDiary;
				PRODUCT_NAME = "$(TARGET_NAME)";
				SWIFT_VERSION = 3.0;
			};
			name = Debug;
		};
		FB9ECAE81E49E53F00FC4B84 /* Release */ = {
			isa = XCBuildConfiguration;
			buildSettings = {
				ASSETCATALOG_COMPILER_APPICON_NAME = AppIcon;
				DEVELOPMENT_TEAM = 6L2DF94YFB;
				INFOPLIST_FILE = ATMDiary/Info.plist;
				LD_RUNPATH_SEARCH_PATHS = "$(inherited) @executable_path/Frameworks";
				PRODUCT_BUNDLE_IDENTIFIER = thanhnv.ATMDiary;
				PRODUCT_NAME = "$(TARGET_NAME)";
				SWIFT_VERSION = 3.0;
			};
			name = Release;
		};
/* End XCBuildConfiguration section */

/* Begin XCConfigurationList section */
		FB9ECACF1E49E53F00FC4B84 /* Build configuration list for PBXProject "ATMDiary" */ = {
			isa = XCConfigurationList;
			buildConfigurations = (
				FB9ECAE41E49E53F00FC4B84 /* Debug */,
				FB9ECAE51E49E53F00FC4B84 /* Release */,
			);
			defaultConfigurationIsVisible = 0;
			defaultConfigurationName = Release;
		};
		FB9ECAE61E49E53F00FC4B84 /* Build configuration list for PBXNativeTarget "ATMDiary" */ = {
			isa = XCConfigurationList;
			buildConfigurations = (
				FB9ECAE71E49E53F00FC4B84 /* Debug */,
				FB9ECAE81E49E53F00FC4B84 /* Release */,
			);
			defaultConfigurationIsVisible = 0;
			defaultConfigurationName = Release;
		};
/* End XCConfigurationList section */

/* Begin XCVersionGroup section */
		FB9ECAF41E49EB9000FC4B84 /* ATMData.xcdatamodeld */ = {
			isa = XCVersionGroup;
			children = (
				FB9ECAF51E49EB9000FC4B84 /* ATMData.xcdatamodel */,
			);
			currentVersion = FB9ECAF51E49EB9000FC4B84 /* ATMData.xcdatamodel */;
			path = ATMData.xcdatamodeld;
			sourceTree = "<group>";
			versionGroupType = wrapper.xcdatamodel;
		};
/* End XCVersionGroup section */
	};
	rootObject = FB9ECACC1E49E53F00FC4B84 /* Project object */;
}
